// !$*UTF8*$!
{
	archiveVersion = 1;
	classes = {
	};
	objectVersion = 50;
	objects = {

/* Begin PBXBuildFile section */
		7416D4D02226E6FE001F3996 /* FavoritesCollectionViewController.swift in Sources */ = {isa = PBXBuildFile; fileRef = 7416D4CF2226E6FE001F3996 /* FavoritesCollectionViewController.swift */; };
		7416D4D22226E859001F3996 /* FavoritesController.swift in Sources */ = {isa = PBXBuildFile; fileRef = 7416D4D12226E859001F3996 /* FavoritesController.swift */; };
		7416D4D422282926001F3996 /* FavoriteCollectionViewCell.swift in Sources */ = {isa = PBXBuildFile; fileRef = 7416D4D322282926001F3996 /* FavoriteCollectionViewCell.swift */; };
		7416D4D6222830F0001F3996 /* ButtonDesign.swift in Sources */ = {isa = PBXBuildFile; fileRef = 7416D4D5222830F0001F3996 /* ButtonDesign.swift */; };
		7416D4D8222EDCDA001F3996 /* TabBarAnimationExtension.swift in Sources */ = {isa = PBXBuildFile; fileRef = 7416D4D7222EDCDA001F3996 /* TabBarAnimationExtension.swift */; };
		7420CFB822088FD600EA713A /* AppDelegate.swift in Sources */ = {isa = PBXBuildFile; fileRef = 7420CFB722088FD600EA713A /* AppDelegate.swift */; };
		7420CFBD22088FD600EA713A /* Main.storyboard in Resources */ = {isa = PBXBuildFile; fileRef = 7420CFBB22088FD600EA713A /* Main.storyboard */; };
		7420CFBF22088FD800EA713A /* Assets.xcassets in Resources */ = {isa = PBXBuildFile; fileRef = 7420CFBE22088FD800EA713A /* Assets.xcassets */; };
		7420CFC222088FD800EA713A /* LaunchScreen.storyboard in Resources */ = {isa = PBXBuildFile; fileRef = 7420CFC022088FD800EA713A /* LaunchScreen.storyboard */; };
		7420CFCF220892CC00EA713A /* InstructionsViewController.swift in Sources */ = {isa = PBXBuildFile; fileRef = 7420CFCE220892CC00EA713A /* InstructionsViewController.swift */; };
		7420CFD222089ACA00EA713A /* SearchResultTableViewCell.swift in Sources */ = {isa = PBXBuildFile; fileRef = 7420CFD122089ACA00EA713A /* SearchResultTableViewCell.swift */; };
		7420CFD52208A07400EA713A /* ViewDesign.swift in Sources */ = {isa = PBXBuildFile; fileRef = 7420CFD42208A07400EA713A /* ViewDesign.swift */; };
		7420CFD72208A36000EA713A /* SearchTableViewController.swift in Sources */ = {isa = PBXBuildFile; fileRef = 7420CFD62208A36000EA713A /* SearchTableViewController.swift */; };
		7420CFD92208A3C200EA713A /* LegoSet.swift in Sources */ = {isa = PBXBuildFile; fileRef = 7420CFD82208A3C200EA713A /* LegoSet.swift */; };
		7420CFDB2208AA6000EA713A /* LegoSetsController.swift in Sources */ = {isa = PBXBuildFile; fileRef = 7420CFDA2208AA6000EA713A /* LegoSetsController.swift */; };
		7420CFDD2209D5C700EA713A /* NetworkController.swift in Sources */ = {isa = PBXBuildFile; fileRef = 7420CFDC2209D5C700EA713A /* NetworkController.swift */; };
		7426D9D52237F8280001D6E7 /* LegoPartsController.swift in Sources */ = {isa = PBXBuildFile; fileRef = 7426D9D42237F8280001D6E7 /* LegoPartsController.swift */; };
		7426D9D72238079B0001D6E7 /* LegoPart.swift in Sources */ = {isa = PBXBuildFile; fileRef = 7426D9D62238079B0001D6E7 /* LegoPart.swift */; };
		7489AE002211CAF50053A586 /* PDFController.swift in Sources */ = {isa = PBXBuildFile; fileRef = 7489ADFF2211CAF50053A586 /* PDFController.swift */; };
/* End PBXBuildFile section */

/* Begin PBXFileReference section */
		7416D4CF2226E6FE001F3996 /* FavoritesCollectionViewController.swift */ = {isa = PBXFileReference; lastKnownFileType = sourcecode.swift; path = FavoritesCollectionViewController.swift; sourceTree = "<group>"; };
		7416D4D12226E859001F3996 /* FavoritesController.swift */ = {isa = PBXFileReference; lastKnownFileType = sourcecode.swift; path = FavoritesController.swift; sourceTree = "<group>"; };
		7416D4D322282926001F3996 /* FavoriteCollectionViewCell.swift */ = {isa = PBXFileReference; lastKnownFileType = sourcecode.swift; path = FavoriteCollectionViewCell.swift; sourceTree = "<group>"; };
		7416D4D5222830F0001F3996 /* ButtonDesign.swift */ = {isa = PBXFileReference; lastKnownFileType = sourcecode.swift; path = ButtonDesign.swift; sourceTree = "<group>"; };
		7416D4D7222EDCDA001F3996 /* TabBarAnimationExtension.swift */ = {isa = PBXFileReference; lastKnownFileType = sourcecode.swift; path = TabBarAnimationExtension.swift; sourceTree = "<group>"; };
		7420CFB422088FD600EA713A /* Lego Instructions.app */ = {isa = PBXFileReference; explicitFileType = wrapper.application; includeInIndex = 0; path = "Lego Instructions.app"; sourceTree = BUILT_PRODUCTS_DIR; };
		7420CFB722088FD600EA713A /* AppDelegate.swift */ = {isa = PBXFileReference; lastKnownFileType = sourcecode.swift; path = AppDelegate.swift; sourceTree = "<group>"; };
		7420CFBC22088FD600EA713A /* Base */ = {isa = PBXFileReference; lastKnownFileType = file.storyboard; name = Base; path = Base.lproj/Main.storyboard; sourceTree = "<group>"; };
		7420CFBE22088FD800EA713A /* Assets.xcassets */ = {isa = PBXFileReference; lastKnownFileType = folder.assetcatalog; path = Assets.xcassets; sourceTree = "<group>"; };
		7420CFC122088FD800EA713A /* Base */ = {isa = PBXFileReference; lastKnownFileType = file.storyboard; name = Base; path = Base.lproj/LaunchScreen.storyboard; sourceTree = "<group>"; };
		7420CFC322088FD800EA713A /* Info.plist */ = {isa = PBXFileReference; lastKnownFileType = text.plist.xml; path = Info.plist; sourceTree = "<group>"; };
		7420CFCE220892CC00EA713A /* InstructionsViewController.swift */ = {isa = PBXFileReference; lastKnownFileType = sourcecode.swift; path = InstructionsViewController.swift; sourceTree = "<group>"; };
		7420CFD122089ACA00EA713A /* SearchResultTableViewCell.swift */ = {isa = PBXFileReference; lastKnownFileType = sourcecode.swift; path = SearchResultTableViewCell.swift; sourceTree = "<group>"; };
		7420CFD42208A07400EA713A /* ViewDesign.swift */ = {isa = PBXFileReference; lastKnownFileType = sourcecode.swift; path = ViewDesign.swift; sourceTree = "<group>"; };
		7420CFD62208A36000EA713A /* SearchTableViewController.swift */ = {isa = PBXFileReference; lastKnownFileType = sourcecode.swift; path = SearchTableViewController.swift; sourceTree = "<group>"; };
		7420CFD82208A3C200EA713A /* LegoSet.swift */ = {isa = PBXFileReference; lastKnownFileType = sourcecode.swift; path = LegoSet.swift; sourceTree = "<group>"; };
		7420CFDA2208AA6000EA713A /* LegoSetsController.swift */ = {isa = PBXFileReference; lastKnownFileType = sourcecode.swift; path = LegoSetsController.swift; sourceTree = "<group>"; };
		7420CFDC2209D5C700EA713A /* NetworkController.swift */ = {isa = PBXFileReference; lastKnownFileType = sourcecode.swift; path = NetworkController.swift; sourceTree = "<group>"; };
		7426D9D42237F8280001D6E7 /* LegoPartsController.swift */ = {isa = PBXFileReference; lastKnownFileType = sourcecode.swift; path = LegoPartsController.swift; sourceTree = "<group>"; };
		7426D9D62238079B0001D6E7 /* LegoPart.swift */ = {isa = PBXFileReference; lastKnownFileType = sourcecode.swift; path = LegoPart.swift; sourceTree = "<group>"; };
		7489ADFF2211CAF50053A586 /* PDFController.swift */ = {isa = PBXFileReference; lastKnownFileType = sourcecode.swift; path = PDFController.swift; sourceTree = "<group>"; };
/* End PBXFileReference section */

/* Begin PBXFrameworksBuildPhase section */
		7420CFB122088FD600EA713A /* Frameworks */ = {
			isa = PBXFrameworksBuildPhase;
			buildActionMask = 2147483647;
			files = (
			);
			runOnlyForDeploymentPostprocessing = 0;
		};
/* End PBXFrameworksBuildPhase section */

/* Begin PBXGroup section */
		7416D4CC2226E06B001F3996 /* Favorites Tab */ = {
			isa = PBXGroup;
			children = (
				7416D4CF2226E6FE001F3996 /* FavoritesCollectionViewController.swift */,
				7416D4D322282926001F3996 /* FavoriteCollectionViewCell.swift */,
			);
			path = "Favorites Tab";
			sourceTree = "<group>";
		};
		7420CFAB22088FD600EA713A = {
			isa = PBXGroup;
			children = (
				7420CFB622088FD600EA713A /* Lego Instructions */,
				7420CFB522088FD600EA713A /* Products */,
			);
			sourceTree = "<group>";
		};
		7420CFB522088FD600EA713A /* Products */ = {
			isa = PBXGroup;
			children = (
				7420CFB422088FD600EA713A /* Lego Instructions.app */,
			);
			name = Products;
			sourceTree = "<group>";
		};
		7420CFB622088FD600EA713A /* Lego Instructions */ = {
			isa = PBXGroup;
			children = (
				7420CFB722088FD600EA713A /* AppDelegate.swift */,
				7420CFCB2208926B00EA713A /* Views */,
				7420CFC92208924B00EA713A /* Controllers */,
				7420CFCA2208925C00EA713A /* Models */,
				7420CFBE22088FD800EA713A /* Assets.xcassets */,
				7420CFC322088FD800EA713A /* Info.plist */,
			);
			path = "Lego Instructions";
			sourceTree = "<group>";
		};
		7420CFC92208924B00EA713A /* Controllers */ = {
			isa = PBXGroup;
			children = (
				7420CFDC2209D5C700EA713A /* NetworkController.swift */,
				7416D4D12226E859001F3996 /* FavoritesController.swift */,
				7420CFDA2208AA6000EA713A /* LegoSetsController.swift */,
				7426D9D42237F8280001D6E7 /* LegoPartsController.swift */,
				7420CFD022089A9E00EA713A /* Search Tab */,
				7416D4CC2226E06B001F3996 /* Favorites Tab */,
				7420CFD322089FF000EA713A /* Instructions Tab */,
			);
			path = Controllers;
			sourceTree = "<group>";
		};
		7420CFCA2208925C00EA713A /* Models */ = {
			isa = PBXGroup;
			children = (
				7420CFD82208A3C200EA713A /* LegoSet.swift */,
				7426D9D62238079B0001D6E7 /* LegoPart.swift */,
			);
			path = Models;
			sourceTree = "<group>";
		};
		7420CFCB2208926B00EA713A /* Views */ = {
			isa = PBXGroup;
			children = (
				7420CFBB22088FD600EA713A /* Main.storyboard */,
				7420CFC022088FD800EA713A /* LaunchScreen.storyboard */,
				7420CFD42208A07400EA713A /* ViewDesign.swift */,
				7416D4D5222830F0001F3996 /* ButtonDesign.swift */,
				7416D4D7222EDCDA001F3996 /* TabBarAnimationExtension.swift */,
			);
			path = Views;
			sourceTree = "<group>";
		};
		7420CFD022089A9E00EA713A /* Search Tab */ = {
			isa = PBXGroup;
			children = (
				7420CFD62208A36000EA713A /* SearchTableViewController.swift */,
				7420CFD122089ACA00EA713A /* SearchResultTableViewCell.swift */,
			);
			path = "Search Tab";
			sourceTree = "<group>";
		};
		7420CFD322089FF000EA713A /* Instructions Tab */ = {
			isa = PBXGroup;
			children = (
				7420CFCE220892CC00EA713A /* InstructionsViewController.swift */,
				7489ADFF2211CAF50053A586 /* PDFController.swift */,
			);
			path = "Instructions Tab";
			sourceTree = "<group>";
		};
/* End PBXGroup section */

/* Begin PBXNativeTarget section */
		7420CFB322088FD600EA713A /* Lego Instructions */ = {
			isa = PBXNativeTarget;
			buildConfigurationList = 7420CFC622088FD800EA713A /* Build configuration list for PBXNativeTarget "Lego Instructions" */;
			buildPhases = (
				7420CFB022088FD600EA713A /* Sources */,
				7420CFB122088FD600EA713A /* Frameworks */,
				7420CFB222088FD600EA713A /* Resources */,
			);
			buildRules = (
			);
			dependencies = (
			);
			name = "Lego Instructions";
			productName = "Lego Instructions";
			productReference = 7420CFB422088FD600EA713A /* Lego Instructions.app */;
			productType = "com.apple.product-type.application";
		};
/* End PBXNativeTarget section */

/* Begin PBXProject section */
		7420CFAC22088FD600EA713A /* Project object */ = {
			isa = PBXProject;
			attributes = {
				LastSwiftUpdateCheck = 1010;
				LastUpgradeCheck = 1010;
				ORGANIZATIONNAME = "Gabriel Blaine Palmer";
				TargetAttributes = {
					7420CFB322088FD600EA713A = {
						CreatedOnToolsVersion = 10.1;
					};
				};
			};
			buildConfigurationList = 7420CFAF22088FD600EA713A /* Build configuration list for PBXProject "Lego Instructions" */;
			compatibilityVersion = "Xcode 9.3";
			developmentRegion = en;
			hasScannedForEncodings = 0;
			knownRegions = (
				en,
				Base,
			);
			mainGroup = 7420CFAB22088FD600EA713A;
			productRefGroup = 7420CFB522088FD600EA713A /* Products */;
			projectDirPath = "";
			projectRoot = "";
			targets = (
				7420CFB322088FD600EA713A /* Lego Instructions */,
			);
		};
/* End PBXProject section */

/* Begin PBXResourcesBuildPhase section */
		7420CFB222088FD600EA713A /* Resources */ = {
			isa = PBXResourcesBuildPhase;
			buildActionMask = 2147483647;
			files = (
				7420CFC222088FD800EA713A /* LaunchScreen.storyboard in Resources */,
				7420CFBF22088FD800EA713A /* Assets.xcassets in Resources */,
				7420CFBD22088FD600EA713A /* Main.storyboard in Resources */,
			);
			runOnlyForDeploymentPostprocessing = 0;
		};
/* End PBXResourcesBuildPhase section */

/* Begin PBXSourcesBuildPhase section */
		7420CFB022088FD600EA713A /* Sources */ = {
			isa = PBXSourcesBuildPhase;
			buildActionMask = 2147483647;
			files = (
				7420CFDD2209D5C700EA713A /* NetworkController.swift in Sources */,
				7420CFCF220892CC00EA713A /* InstructionsViewController.swift in Sources */,
				7420CFD92208A3C200EA713A /* LegoSet.swift in Sources */,
				7420CFB822088FD600EA713A /* AppDelegate.swift in Sources */,
				7416D4D8222EDCDA001F3996 /* TabBarAnimationExtension.swift in Sources */,
				7416D4D422282926001F3996 /* FavoriteCollectionViewCell.swift in Sources */,
				7416D4D02226E6FE001F3996 /* FavoritesCollectionViewController.swift in Sources */,
				7426D9D72238079B0001D6E7 /* LegoPart.swift in Sources */,
				7420CFD72208A36000EA713A /* SearchTableViewController.swift in Sources */,
				7420CFD222089ACA00EA713A /* SearchResultTableViewCell.swift in Sources */,
				7420CFD52208A07400EA713A /* ViewDesign.swift in Sources */,
				7420CFDB2208AA6000EA713A /* LegoSetsController.swift in Sources */,
				7416D4D6222830F0001F3996 /* ButtonDesign.swift in Sources */,
				7489AE002211CAF50053A586 /* PDFController.swift in Sources */,
				7416D4D22226E859001F3996 /* FavoritesController.swift in Sources */,
				7426D9D52237F8280001D6E7 /* LegoPartsController.swift in Sources */,
			);
			runOnlyForDeploymentPostprocessing = 0;
		};
/* End PBXSourcesBuildPhase section */

/* Begin PBXVariantGroup section */
		7420CFBB22088FD600EA713A /* Main.storyboard */ = {
			isa = PBXVariantGroup;
			children = (
				7420CFBC22088FD600EA713A /* Base */,
			);
			name = Main.storyboard;
			sourceTree = "<group>";
		};
		7420CFC022088FD800EA713A /* LaunchScreen.storyboard */ = {
			isa = PBXVariantGroup;
			children = (
				7420CFC122088FD800EA713A /* Base */,
			);
			name = LaunchScreen.storyboard;
			sourceTree = "<group>";
		};
/* End PBXVariantGroup section */

/* Begin XCBuildConfiguration section */
		7420CFC422088FD800EA713A /* Debug */ = {
			isa = XCBuildConfiguration;
			buildSettings = {
				ALWAYS_SEARCH_USER_PATHS = NO;
				CLANG_ANALYZER_NONNULL = YES;
				CLANG_ANALYZER_NUMBER_OBJECT_CONVERSION = YES_AGGRESSIVE;
				CLANG_CXX_LANGUAGE_STANDARD = "gnu++14";
				CLANG_CXX_LIBRARY = "libc++";
				CLANG_ENABLE_MODULES = YES;
				CLANG_ENABLE_OBJC_ARC = YES;
				CLANG_ENABLE_OBJC_WEAK = YES;
				CLANG_WARN_BLOCK_CAPTURE_AUTORELEASING = YES;
				CLANG_WARN_BOOL_CONVERSION = YES;
				CLANG_WARN_COMMA = YES;
				CLANG_WARN_CONSTANT_CONVERSION = YES;
				CLANG_WARN_DEPRECATED_OBJC_IMPLEMENTATIONS = YES;
				CLANG_WARN_DIRECT_OBJC_ISA_USAGE = YES_ERROR;
				CLANG_WARN_DOCUMENTATION_COMMENTS = YES;
				CLANG_WARN_EMPTY_BODY = YES;
				CLANG_WARN_ENUM_CONVERSION = YES;
				CLANG_WARN_INFINITE_RECURSION = YES;
				CLANG_WARN_INT_CONVERSION = YES;
				CLANG_WARN_NON_LITERAL_NULL_CONVERSION = YES;
				CLANG_WARN_OBJC_IMPLICIT_RETAIN_SELF = YES;
				CLANG_WARN_OBJC_LITERAL_CONVERSION = YES;
				CLANG_WARN_OBJC_ROOT_CLASS = YES_ERROR;
				CLANG_WARN_RANGE_LOOP_ANALYSIS = YES;
				CLANG_WARN_STRICT_PROTOTYPES = YES;
				CLANG_WARN_SUSPICIOUS_MOVE = YES;
				CLANG_WARN_UNGUARDED_AVAILABILITY = YES_AGGRESSIVE;
				CLANG_WARN_UNREACHABLE_CODE = YES;
				CLANG_WARN__DUPLICATE_METHOD_MATCH = YES;
				CODE_SIGN_IDENTITY = "iPhone Developer";
				COPY_PHASE_STRIP = NO;
				DEBUG_INFORMATION_FORMAT = dwarf;
				ENABLE_STRICT_OBJC_MSGSEND = YES;
				ENABLE_TESTABILITY = YES;
				GCC_C_LANGUAGE_STANDARD = gnu11;
				GCC_DYNAMIC_NO_PIC = NO;
				GCC_NO_COMMON_BLOCKS = YES;
				GCC_OPTIMIZATION_LEVEL = 0;
				GCC_PREPROCESSOR_DEFINITIONS = (
					"DEBUG=1",
					"$(inherited)",
				);
				GCC_WARN_64_TO_32_BIT_CONVERSION = YES;
				GCC_WARN_ABOUT_RETURN_TYPE = YES_ERROR;
				GCC_WARN_UNDECLARED_SELECTOR = YES;
				GCC_WARN_UNINITIALIZED_AUTOS = YES_AGGRESSIVE;
				GCC_WARN_UNUSED_FUNCTION = YES;
				GCC_WARN_UNUSED_VARIABLE = YES;
				IPHONEOS_DEPLOYMENT_TARGET = 12.1;
				MTL_ENABLE_DEBUG_INFO = INCLUDE_SOURCE;
				MTL_FAST_MATH = YES;
				ONLY_ACTIVE_ARCH = YES;
				SDKROOT = iphoneos;
				SWIFT_ACTIVE_COMPILATION_CONDITIONS = DEBUG;
				SWIFT_OPTIMIZATION_LEVEL = "-Onone";
			};
			name = Debug;
		};
		7420CFC522088FD800EA713A /* Release */ = {
			isa = XCBuildConfiguration;
			buildSettings = {
				ALWAYS_SEARCH_USER_PATHS = NO;
				CLANG_ANALYZER_NONNULL = YES;
				CLANG_ANALYZER_NUMBER_OBJECT_CONVERSION = YES_AGGRESSIVE;
				CLANG_CXX_LANGUAGE_STANDARD = "gnu++14";
				CLANG_CXX_LIBRARY = "libc++";
				CLANG_ENABLE_MODULES = YES;
				CLANG_ENABLE_OBJC_ARC = YES;
				CLANG_ENABLE_OBJC_WEAK = YES;
				CLANG_WARN_BLOCK_CAPTURE_AUTORELEASING = YES;
				CLANG_WARN_BOOL_CONVERSION = YES;
				CLANG_WARN_COMMA = YES;
				CLANG_WARN_CONSTANT_CONVERSION = YES;
				CLANG_WARN_DEPRECATED_OBJC_IMPLEMENTATIONS = YES;
				CLANG_WARN_DIRECT_OBJC_ISA_USAGE = YES_ERROR;
				CLANG_WARN_DOCUMENTATION_COMMENTS = YES;
				CLANG_WARN_EMPTY_BODY = YES;
				CLANG_WARN_ENUM_CONVERSION = YES;
				CLANG_WARN_INFINITE_RECURSION = YES;
				CLANG_WARN_INT_CONVERSION = YES;
				CLANG_WARN_NON_LITERAL_NULL_CONVERSION = YES;
				CLANG_WARN_OBJC_IMPLICIT_RETAIN_SELF = YES;
				CLANG_WARN_OBJC_LITERAL_CONVERSION = YES;
				CLANG_WARN_OBJC_ROOT_CLASS = YES_ERROR;
				CLANG_WARN_RANGE_LOOP_ANALYSIS = YES;
				CLANG_WARN_STRICT_PROTOTYPES = YES;
				CLANG_WARN_SUSPICIOUS_MOVE = YES;
				CLANG_WARN_UNGUARDED_AVAILABILITY = YES_AGGRESSIVE;
				CLANG_WARN_UNREACHABLE_CODE = YES;
				CLANG_WARN__DUPLICATE_METHOD_MATCH = YES;
				CODE_SIGN_IDENTITY = "iPhone Developer";
				COPY_PHASE_STRIP = NO;
				DEBUG_INFORMATION_FORMAT = "dwarf-with-dsym";
				ENABLE_NS_ASSERTIONS = NO;
				ENABLE_STRICT_OBJC_MSGSEND = YES;
				GCC_C_LANGUAGE_STANDARD = gnu11;
				GCC_NO_COMMON_BLOCKS = YES;
				GCC_WARN_64_TO_32_BIT_CONVERSION = YES;
				GCC_WARN_ABOUT_RETURN_TYPE = YES_ERROR;
				GCC_WARN_UNDECLARED_SELECTOR = YES;
				GCC_WARN_UNINITIALIZED_AUTOS = YES_AGGRESSIVE;
				GCC_WARN_UNUSED_FUNCTION = YES;
				GCC_WARN_UNUSED_VARIABLE = YES;
				IPHONEOS_DEPLOYMENT_TARGET = 12.1;
				MTL_ENABLE_DEBUG_INFO = NO;
				MTL_FAST_MATH = YES;
				SDKROOT = iphoneos;
				SWIFT_COMPILATION_MODE = wholemodule;
				SWIFT_OPTIMIZATION_LEVEL = "-O";
				VALIDATE_PRODUCT = YES;
			};
			name = Release;
		};
		7420CFC722088FD800EA713A /* Debug */ = {
			isa = XCBuildConfiguration;
			buildSettings = {
				ASSETCATALOG_COMPILER_APPICON_NAME = AppIcon;
				CODE_SIGN_STYLE = Automatic;
				INFOPLIST_FILE = "Lego Instructions/Info.plist";
				LD_RUNPATH_SEARCH_PATHS = (
					"$(inherited)",
					"@executable_path/Frameworks",
				);
				PRODUCT_BUNDLE_IDENTIFIER = "GabrielPalmer.Lego-Instructions";
				PRODUCT_NAME = "$(TARGET_NAME)";
				SWIFT_VERSION = 4.2;
				TARGETED_DEVICE_FAMILY = 2;
			};
			name = Debug;
		};
		7420CFC822088FD800EA713A /* Release */ = {
			isa = XCBuildConfiguration;
			buildSettings = {
				ASSETCATALOG_COMPILER_APPICON_NAME = AppIcon;
				CODE_SIGN_STYLE = Automatic;
				INFOPLIST_FILE = "Lego Instructions/Info.plist";
				LD_RUNPATH_SEARCH_PATHS = (
					"$(inherited)",
					"@executable_path/Frameworks",
				);
				PRODUCT_BUNDLE_IDENTIFIER = "GabrielPalmer.Lego-Instructions";
				PRODUCT_NAME = "$(TARGET_NAME)";
				SWIFT_VERSION = 4.2;
				TARGETED_DEVICE_FAMILY = 2;
			};
			name = Release;
		};
/* End XCBuildConfiguration section */

/* Begin XCConfigurationList section */
		7420CFAF22088FD600EA713A /* Build configuration list for PBXProject "Lego Instructions" */ = {
			isa = XCConfigurationList;
			buildConfigurations = (
				7420CFC422088FD800EA713A /* Debug */,
				7420CFC522088FD800EA713A /* Release */,
			);
			defaultConfigurationIsVisible = 0;
			defaultConfigurationName = Release;
		};
		7420CFC622088FD800EA713A /* Build configuration list for PBXNativeTarget "Lego Instructions" */ = {
			isa = XCConfigurationList;
			buildConfigurations = (
				7420CFC722088FD800EA713A /* Debug */,
				7420CFC822088FD800EA713A /* Release */,
			);
			defaultConfigurationIsVisible = 0;
			defaultConfigurationName = Release;
		};
/* End XCConfigurationList section */
	};
	rootObject = 7420CFAC22088FD600EA713A /* Project object */;
}
